
Microsoft Visual Studio Solution File, Format Version 12.00
# Visual Studio Version 17
VisualStudioVersion = 17.1.32328.378
MinimumVisualStudioVersion = 10.0.40219.1
Project("{9A19103F-16F7-4668-BE54-9A1E7A4F7556}") = "Enigmatry.Shop.Api", "src\Enigmatry.Shop.Api\Enigmatry.Shop.Api.csproj", "{19446FE9-5DF4-41F5-8044-A563EEF4853F}"
EndProject
Project("{9A19103F-16F7-4668-BE54-9A1E7A4F7556}") = "Enigmatry.Vendor.Api", "src\Enigmatry.Vendor.Api\Enigmatry.Vendor.Api.csproj", "{91A4C96D-753C-4AFC-9D51-1E1D8F5ACF16}"
EndProject
Project("{2150E333-8FDC-42A3-9474-1A3956D46DE8}") = "src", "src", "{C82FFDC5-9164-4D21-9AD4-56609714320D}"
EndProject
Project("{9A19103F-16F7-4668-BE54-9A1E7A4F7556}") = "Enigmatry.Shop.VendorClient", "src\Enigmatry.Shop.VendorClient\Enigmatry.Shop.VendorClient.csproj", "{4FE01627-47C2-4889-AEBD-C7B3977F6F15}"
EndProject
Project("{9A19103F-16F7-4668-BE54-9A1E7A4F7556}") = "Enigmatry.Shop.Handlers", "src\Enigmatry.Shop.ShopHandler\Enigmatry.Shop.Handlers.csproj", "{9E6FB25F-B16E-4B78-9F8D-EFD590F573BC}"
EndProject
Project("{9A19103F-16F7-4668-BE54-9A1E7A4F7556}") = "Enigmatry.Vendor.Handlers", "src\Enigmatry.Shop.Vendor\Enigmatry.Vendor.Handlers.csproj", "{072472B5-4BCF-457E-8750-2DC417D57AAE}"
EndProject
Project("{9A19103F-16F7-4668-BE54-9A1E7A4F7556}") = "Enigmatry.Shop.DbAccess", "src\Enigmatry.DbAccess\Enigmatry.Shop.DbAccess.csproj", "{03F2C48D-DA10-4BFC-8A01-83112ABB09BE}"
EndProject
Project("{9A19103F-16F7-4668-BE54-9A1E7A4F7556}") = "Enigmatry.Shop.WareHouseService", "src\Enigmatry.WareHouseService\Enigmatry.Shop.WareHouseService.csproj", "{150C5A26-0CEA-48F8-953A-DE2929F65BA2}"
EndProject
Project("{9A19103F-16F7-4668-BE54-9A1E7A4F7556}") = "Enigmatry.Shop.BestValueService", "src\Enigmatry.BestValueService\Enigmatry.Shop.BestValueService.csproj", "{81891905-FDD4-4F99-8584-3B23B07A86C2}"
EndProject
Project("{2150E333-8FDC-42A3-9474-1A3956D46DE8}") = "Shop", "Shop", "{4E9F3EB2-C60B-4B01-A198-B4C59DE923F7}"
EndProject
Project("{2150E333-8FDC-42A3-9474-1A3956D46DE8}") = "VendorShop", "VendorShop", "{52268829-55A9-4F4F-9E30-0FAF3207D464}"
EndProject
Project("{2150E333-8FDC-42A3-9474-1A3956D46DE8}") = "api", "api", "{CAFD55BA-0182-4EE0-8847-17214B7B3436}"
EndProject
Project("{2150E333-8FDC-42A3-9474-1A3956D46DE8}") = "handlers", "handlers", "{636C980B-A331-4301-81EB-83312738F6A4}"
EndProject
Project("{2150E333-8FDC-42A3-9474-1A3956D46DE8}") = "api", "api", "{78DCA5BF-B6E1-41E4-940C-C36BD9A9DADC}"
EndProject
Project("{2150E333-8FDC-42A3-9474-1A3956D46DE8}") = "dataAccess", "dataAccess", "{B5791785-10A2-496E-A7AD-83CEA23E7309}"
EndProject
Project("{2150E333-8FDC-42A3-9474-1A3956D46DE8}") = "handlers", "handlers", "{82A9A409-E8B3-4DB8-BD3F-6F5552E8FEC4}"
EndProject
Project("{2150E333-8FDC-42A3-9474-1A3956D46DE8}") = "services", "services", "{EA39DA16-0781-47A2-BDF5-46DA82B97DA2}"
EndProject
Project("{2150E333-8FDC-42A3-9474-1A3956D46DE8}") = "httpClients", "httpClients", "{26CF7EC3-2BC0-4EC8-95BF-7E5E1C4A788B}"
EndProject
Project("{2150E333-8FDC-42A3-9474-1A3956D46DE8}") = "models", "models", "{67A5F8EF-9642-4BD2-AA6B-926191EE1FEE}"
EndProject
Project("{9A19103F-16F7-4668-BE54-9A1E7A4F7556}") = "Enigmatry.Shop.Models", "src\Enigmatry.Shop.Models\Enigmatry.Shop.Models.csproj", "{FBDA7E5B-D08F-45B6-A352-5D41DAB17B50}"
EndProject
Project("{2150E333-8FDC-42A3-9474-1A3956D46DE8}") = "dataAccess", "dataAccess", "{AB767B8B-114A-4D4A-8318-8146133A7DB2}"
EndProject
Project("{2150E333-8FDC-42A3-9474-1A3956D46DE8}") = "services", "services", "{8746173C-0F65-4C35-B8CF-CAF255E4E112}"
EndProject
Project("{9A19103F-16F7-4668-BE54-9A1E7A4F7556}") = "Enigmatry.Vendor.SupplierService", "src\Enigmatry.Vendor.SupplierService\Enigmatry.Vendor.SupplierService.csproj", "{A3A81DFD-E0A0-4B1F-B9F9-ACD539186FB1}"
EndProject
Project("{2150E333-8FDC-42A3-9474-1A3956D46DE8}") = "models", "models", "{7E2277FD-3ED6-4941-BC83-2920E2F22FB2}"
EndProject
Project("{9A19103F-16F7-4668-BE54-9A1E7A4F7556}") = "Enigmatry.Vendor.Models", "src\Enigmatry.Vendor.Models\Enigmatry.Vendor.Models.csproj", "{8D0A1E70-D234-405A-91C9-E8BF10075CF0}"
EndProject
Project("{9A19103F-16F7-4668-BE54-9A1E7A4F7556}") = "Enigmatry.Vendor.DataAccess", "src\Enigmatry.Vendor.DataAccess\Enigmatry.Vendor.DataAccess.csproj", "{2C604A27-4340-4483-9346-4E253AC397C4}"
EndProject
Project("{9A19103F-16F7-4668-BE54-9A1E7A4F7556}") = "Enigmatry.Shop.Dealer1Service", "src\Enigmatry.Shop.Dealer1Service\Enigmatry.Shop.Dealer1Service.csproj", "{2ECC41D8-48DF-4688-BE17-72FFEDA81DDF}"
EndProject
Project("{9A19103F-16F7-4668-BE54-9A1E7A4F7556}") = "Enigmatry.Shop.Dealer2Service", "src\Enigmatry.Shop.Dealer2Service\Enigmatry.Shop.Dealer2Service.csproj", "{2D7EA97E-7A7B-4F7F-BAC6-06DCFF0189AA}"
EndProject
Global
	GlobalSection(SolutionConfigurationPlatforms) = preSolution
		Debug|Any CPU = Debug|Any CPU
		Release|Any CPU = Release|Any CPU
	EndGlobalSection
	GlobalSection(ProjectConfigurationPlatforms) = postSolution
		{19446FE9-5DF4-41F5-8044-A563EEF4853F}.Debug|Any CPU.ActiveCfg = Debug|Any CPU
		{19446FE9-5DF4-41F5-8044-A563EEF4853F}.Debug|Any CPU.Build.0 = Debug|Any CPU
		{19446FE9-5DF4-41F5-8044-A563EEF4853F}.Release|Any CPU.ActiveCfg = Release|Any CPU
		{19446FE9-5DF4-41F5-8044-A563EEF4853F}.Release|Any CPU.Build.0 = Release|Any CPU
		{91A4C96D-753C-4AFC-9D51-1E1D8F5ACF16}.Debug|Any CPU.ActiveCfg = Debug|Any CPU
		{91A4C96D-753C-4AFC-9D51-1E1D8F5ACF16}.Debug|Any CPU.Build.0 = Debug|Any CPU
		{91A4C96D-753C-4AFC-9D51-1E1D8F5ACF16}.Release|Any CPU.ActiveCfg = Release|Any CPU
		{91A4C96D-753C-4AFC-9D51-1E1D8F5ACF16}.Release|Any CPU.Build.0 = Release|Any CPU
		{4FE01627-47C2-4889-AEBD-C7B3977F6F15}.Debug|Any CPU.ActiveCfg = Debug|Any CPU
		{4FE01627-47C2-4889-AEBD-C7B3977F6F15}.Debug|Any CPU.Build.0 = Debug|Any CPU
		{4FE01627-47C2-4889-AEBD-C7B3977F6F15}.Release|Any CPU.ActiveCfg = Release|Any CPU
		{4FE01627-47C2-4889-AEBD-C7B3977F6F15}.Release|Any CPU.Build.0 = Release|Any CPU
		{9E6FB25F-B16E-4B78-9F8D-EFD590F573BC}.Debug|Any CPU.ActiveCfg = Debug|Any CPU
		{9E6FB25F-B16E-4B78-9F8D-EFD590F573BC}.Debug|Any CPU.Build.0 = Debug|Any CPU
		{9E6FB25F-B16E-4B78-9F8D-EFD590F573BC}.Release|Any CPU.ActiveCfg = Release|Any CPU
		{9E6FB25F-B16E-4B78-9F8D-EFD590F573BC}.Release|Any CPU.Build.0 = Release|Any CPU
		{072472B5-4BCF-457E-8750-2DC417D57AAE}.Debug|Any CPU.ActiveCfg = Debug|Any CPU
		{072472B5-4BCF-457E-8750-2DC417D57AAE}.Debug|Any CPU.Build.0 = Debug|Any CPU
		{072472B5-4BCF-457E-8750-2DC417D57AAE}.Release|Any CPU.ActiveCfg = Release|Any CPU
		{072472B5-4BCF-457E-8750-2DC417D57AAE}.Release|Any CPU.Build.0 = Release|Any CPU
		{03F2C48D-DA10-4BFC-8A01-83112ABB09BE}.Debug|Any CPU.ActiveCfg = Debug|Any CPU
		{03F2C48D-DA10-4BFC-8A01-83112ABB09BE}.Debug|Any CPU.Build.0 = Debug|Any CPU
		{03F2C48D-DA10-4BFC-8A01-83112ABB09BE}.Release|Any CPU.ActiveCfg = Release|Any CPU
		{03F2C48D-DA10-4BFC-8A01-83112ABB09BE}.Release|Any CPU.Build.0 = Release|Any CPU
		{150C5A26-0CEA-48F8-953A-DE2929F65BA2}.Debug|Any CPU.ActiveCfg = Debug|Any CPU
		{150C5A26-0CEA-48F8-953A-DE2929F65BA2}.Debug|Any CPU.Build.0 = Debug|Any CPU
		{150C5A26-0CEA-48F8-953A-DE2929F65BA2}.Release|Any CPU.ActiveCfg = Release|Any CPU
		{150C5A26-0CEA-48F8-953A-DE2929F65BA2}.Release|Any CPU.Build.0 = Release|Any CPU
		{81891905-FDD4-4F99-8584-3B23B07A86C2}.Debug|Any CPU.ActiveCfg = Debug|Any CPU
		{81891905-FDD4-4F99-8584-3B23B07A86C2}.Debug|Any CPU.Build.0 = Debug|Any CPU
		{81891905-FDD4-4F99-8584-3B23B07A86C2}.Release|Any CPU.ActiveCfg = Release|Any CPU
		{81891905-FDD4-4F99-8584-3B23B07A86C2}.Release|Any CPU.Build.0 = Release|Any CPU
		{FBDA7E5B-D08F-45B6-A352-5D41DAB17B50}.Debug|Any CPU.ActiveCfg = Debug|Any CPU
		{FBDA7E5B-D08F-45B6-A352-5D41DAB17B50}.Debug|Any CPU.Build.0 = Debug|Any CPU
		{FBDA7E5B-D08F-45B6-A352-5D41DAB17B50}.Release|Any CPU.ActiveCfg = Release|Any CPU
		{FBDA7E5B-D08F-45B6-A352-5D41DAB17B50}.Release|Any CPU.Build.0 = Release|Any CPU
		{A3A81DFD-E0A0-4B1F-B9F9-ACD539186FB1}.Debug|Any CPU.ActiveCfg = Debug|Any CPU
		{A3A81DFD-E0A0-4B1F-B9F9-ACD539186FB1}.Debug|Any CPU.Build.0 = Debug|Any CPU
		{A3A81DFD-E0A0-4B1F-B9F9-ACD539186FB1}.Release|Any CPU.ActiveCfg = Release|Any CPU
		{A3A81DFD-E0A0-4B1F-B9F9-ACD539186FB1}.Release|Any CPU.Build.0 = Release|Any CPU
		{8D0A1E70-D234-405A-91C9-E8BF10075CF0}.Debug|Any CPU.ActiveCfg = Debug|Any CPU
		{8D0A1E70-D234-405A-91C9-E8BF10075CF0}.Debug|Any CPU.Build.0 = Debug|Any CPU
		{8D0A1E70-D234-405A-91C9-E8BF10075CF0}.Release|Any CPU.ActiveCfg = Release|Any CPU
		{8D0A1E70-D234-405A-91C9-E8BF10075CF0}.Release|Any CPU.Build.0 = Release|Any CPU
		{2C604A27-4340-4483-9346-4E253AC397C4}.Debug|Any CPU.ActiveCfg = Debug|Any CPU
		{2C604A27-4340-4483-9346-4E253AC397C4}.Debug|Any CPU.Build.0 = Debug|Any CPU
		{2C604A27-4340-4483-9346-4E253AC397C4}.Release|Any CPU.ActiveCfg = Release|Any CPU
		{2C604A27-4340-4483-9346-4E253AC397C4}.Release|Any CPU.Build.0 = Release|Any CPU
		{2ECC41D8-48DF-4688-BE17-72FFEDA81DDF}.Debug|Any CPU.ActiveCfg = Debug|Any CPU
		{2ECC41D8-48DF-4688-BE17-72FFEDA81DDF}.Debug|Any CPU.Build.0 = Debug|Any CPU
		{2ECC41D8-48DF-4688-BE17-72FFEDA81DDF}.Release|Any CPU.ActiveCfg = Release|Any CPU
		{2ECC41D8-48DF-4688-BE17-72FFEDA81DDF}.Release|Any CPU.Build.0 = Release|Any CPU
		{2D7EA97E-7A7B-4F7F-BAC6-06DCFF0189AA}.Debug|Any CPU.ActiveCfg = Debug|Any CPU
		{2D7EA97E-7A7B-4F7F-BAC6-06DCFF0189AA}.Debug|Any CPU.Build.0 = Debug|Any CPU
		{2D7EA97E-7A7B-4F7F-BAC6-06DCFF0189AA}.Release|Any CPU.ActiveCfg = Release|Any CPU
		{2D7EA97E-7A7B-4F7F-BAC6-06DCFF0189AA}.Release|Any CPU.Build.0 = Release|Any CPU
	EndGlobalSection
	GlobalSection(SolutionProperties) = preSolution
		HideSolutionNode = FALSE
	EndGlobalSection
	GlobalSection(NestedProjects) = preSolution
		{19446FE9-5DF4-41F5-8044-A563EEF4853F} = {78DCA5BF-B6E1-41E4-940C-C36BD9A9DADC}
		{91A4C96D-753C-4AFC-9D51-1E1D8F5ACF16} = {CAFD55BA-0182-4EE0-8847-17214B7B3436}
		{4FE01627-47C2-4889-AEBD-C7B3977F6F15} = {26CF7EC3-2BC0-4EC8-95BF-7E5E1C4A788B}
		{9E6FB25F-B16E-4B78-9F8D-EFD590F573BC} = {82A9A409-E8B3-4DB8-BD3F-6F5552E8FEC4}
		{072472B5-4BCF-457E-8750-2DC417D57AAE} = {636C980B-A331-4301-81EB-83312738F6A4}
		{03F2C48D-DA10-4BFC-8A01-83112ABB09BE} = {B5791785-10A2-496E-A7AD-83CEA23E7309}
		{150C5A26-0CEA-48F8-953A-DE2929F65BA2} = {EA39DA16-0781-47A2-BDF5-46DA82B97DA2}
		{81891905-FDD4-4F99-8584-3B23B07A86C2} = {EA39DA16-0781-47A2-BDF5-46DA82B97DA2}
		{4E9F3EB2-C60B-4B01-A198-B4C59DE923F7} = {C82FFDC5-9164-4D21-9AD4-56609714320D}
		{52268829-55A9-4F4F-9E30-0FAF3207D464} = {C82FFDC5-9164-4D21-9AD4-56609714320D}
		{CAFD55BA-0182-4EE0-8847-17214B7B3436} = {52268829-55A9-4F4F-9E30-0FAF3207D464}
		{636C980B-A331-4301-81EB-83312738F6A4} = {52268829-55A9-4F4F-9E30-0FAF3207D464}
		{78DCA5BF-B6E1-41E4-940C-C36BD9A9DADC} = {4E9F3EB2-C60B-4B01-A198-B4C59DE923F7}
		{B5791785-10A2-496E-A7AD-83CEA23E7309} = {4E9F3EB2-C60B-4B01-A198-B4C59DE923F7}
		{82A9A409-E8B3-4DB8-BD3F-6F5552E8FEC4} = {4E9F3EB2-C60B-4B01-A198-B4C59DE923F7}
		{EA39DA16-0781-47A2-BDF5-46DA82B97DA2} = {4E9F3EB2-C60B-4B01-A198-B4C59DE923F7}
		{26CF7EC3-2BC0-4EC8-95BF-7E5E1C4A788B} = {4E9F3EB2-C60B-4B01-A198-B4C59DE923F7}
		{67A5F8EF-9642-4BD2-AA6B-926191EE1FEE} = {4E9F3EB2-C60B-4B01-A198-B4C59DE923F7}
		{FBDA7E5B-D08F-45B6-A352-5D41DAB17B50} = {67A5F8EF-9642-4BD2-AA6B-926191EE1FEE}
		{AB767B8B-114A-4D4A-8318-8146133A7DB2} = {52268829-55A9-4F4F-9E30-0FAF3207D464}
		{8746173C-0F65-4C35-B8CF-CAF255E4E112} = {52268829-55A9-4F4F-9E30-0FAF3207D464}
		{A3A81DFD-E0A0-4B1F-B9F9-ACD539186FB1} = {8746173C-0F65-4C35-B8CF-CAF255E4E112}
		{7E2277FD-3ED6-4941-BC83-2920E2F22FB2} = {52268829-55A9-4F4F-9E30-0FAF3207D464}
		{8D0A1E70-D234-405A-91C9-E8BF10075CF0} = {7E2277FD-3ED6-4941-BC83-2920E2F22FB2}
		{2C604A27-4340-4483-9346-4E253AC397C4} = {AB767B8B-114A-4D4A-8318-8146133A7DB2}
		{2ECC41D8-48DF-4688-BE17-72FFEDA81DDF} = {EA39DA16-0781-47A2-BDF5-46DA82B97DA2}
		{2D7EA97E-7A7B-4F7F-BAC6-06DCFF0189AA} = {EA39DA16-0781-47A2-BDF5-46DA82B97DA2}
	EndGlobalSection
	GlobalSection(ExtensibilityGlobals) = postSolution
		SolutionGuid = {44ED110F-83D9-4D50-8E2E-7E4BA606320B}
	EndGlobalSection
EndGlobal
