
Microsoft Visual Studio Solution File, Format Version 12.00
# Visual Studio Version 17
VisualStudioVersion = 17.1.32328.378
MinimumVisualStudioVersion = 10.0.40219.1
Project("{2150E333-8FDC-42A3-9474-1A3956D46DE8}") = "api", "api", "{95DC922C-F03C-4AEA-9BBC-8DAA0C074CA6}"
EndProject
Project("{9A19103F-16F7-4668-BE54-9A1E7A4F7556}") = "Enigmatry.Shop.Api", "src\Enigmatry.Shop.Api\Enigmatry.Shop.Api.csproj", "{19446FE9-5DF4-41F5-8044-A563EEF4853F}"
EndProject
Project("{9A19103F-16F7-4668-BE54-9A1E7A4F7556}") = "Enigmatry.Vendor.Api", "src\Enigmatry.Vendor.Api\Enigmatry.Vendor.Api.csproj", "{91A4C96D-753C-4AFC-9D51-1E1D8F5ACF16}"
EndProject
Project("{2150E333-8FDC-42A3-9474-1A3956D46DE8}") = "Handlers", "Handlers", "{68A8DA98-1017-4475-B1EA-C0EE46AA7707}"
EndProject
Project("{2150E333-8FDC-42A3-9474-1A3956D46DE8}") = "Services", "Services", "{AB629F30-05D0-479A-B61C-4E4495678E40}"
EndProject
Project("{2150E333-8FDC-42A3-9474-1A3956D46DE8}") = "Shared", "Shared", "{7ECD91B1-D29D-4512-9761-63A6C9C50FCA}"
EndProject
Project("{2150E333-8FDC-42A3-9474-1A3956D46DE8}") = "src", "src", "{C82FFDC5-9164-4D21-9AD4-56609714320D}"
EndProject
Project("{2150E333-8FDC-42A3-9474-1A3956D46DE8}") = "Shop", "Shop", "{7E05853C-20F8-4EFB-890A-DCE3FC2C4847}"
EndProject
Project("{2150E333-8FDC-42A3-9474-1A3956D46DE8}") = "Vendor", "Vendor", "{14D832F2-03DE-482F-8A5E-A169483ECF7B}"
EndProject
Project("{2150E333-8FDC-42A3-9474-1A3956D46DE8}") = "HttpClients", "HttpClients", "{0BA4460E-3910-473C-A774-9DE835B583AD}"
EndProject
Project("{2150E333-8FDC-42A3-9474-1A3956D46DE8}") = "Vendor", "Vendor", "{E74A3B29-3626-42F6-86E1-B92DC014D9A6}"
EndProject
Project("{FAE04EC0-301F-11D3-BF4B-00C04F79EFBC}") = "Enigmatry.VendorHttpClient", "src\Enigmatry.Shop.VendorClient\Enigmatry.VendorHttpClient.csproj", "{4FE01627-47C2-4889-AEBD-C7B3977F6F15}"
EndProject
Project("{FAE04EC0-301F-11D3-BF4B-00C04F79EFBC}") = "Enigmatry.ShopHandlers", "src\Enigmatry.Shop.ShopHandler\Enigmatry.ShopHandlers.csproj", "{9E6FB25F-B16E-4B78-9F8D-EFD590F573BC}"
EndProject
Project("{FAE04EC0-301F-11D3-BF4B-00C04F79EFBC}") = "Enigmatry.VendorHandlers", "src\Enigmatry.Shop.Vendor\Enigmatry.VendorHandlers.csproj", "{072472B5-4BCF-457E-8750-2DC417D57AAE}"
EndProject
Project("{2150E333-8FDC-42A3-9474-1A3956D46DE8}") = "Db", "Db", "{55AB9B87-AAC9-420D-8A0F-291DC072C3DF}"
EndProject
Project("{FAE04EC0-301F-11D3-BF4B-00C04F79EFBC}") = "Enigmatry.DbAccess", "src\Enigmatry.DbAccess\Enigmatry.DbAccess.csproj", "{03F2C48D-DA10-4BFC-8A01-83112ABB09BE}"
EndProject
Global
	GlobalSection(SolutionConfigurationPlatforms) = preSolution
		Debug|Any CPU = Debug|Any CPU
		Release|Any CPU = Release|Any CPU
	EndGlobalSection
	GlobalSection(ProjectConfigurationPlatforms) = postSolution
		{19446FE9-5DF4-41F5-8044-A563EEF4853F}.Debug|Any CPU.ActiveCfg = Debug|Any CPU
		{19446FE9-5DF4-41F5-8044-A563EEF4853F}.Debug|Any CPU.Build.0 = Debug|Any CPU
		{19446FE9-5DF4-41F5-8044-A563EEF4853F}.Release|Any CPU.ActiveCfg = Release|Any CPU
		{19446FE9-5DF4-41F5-8044-A563EEF4853F}.Release|Any CPU.Build.0 = Release|Any CPU
		{91A4C96D-753C-4AFC-9D51-1E1D8F5ACF16}.Debug|Any CPU.ActiveCfg = Debug|Any CPU
		{91A4C96D-753C-4AFC-9D51-1E1D8F5ACF16}.Debug|Any CPU.Build.0 = Debug|Any CPU
		{91A4C96D-753C-4AFC-9D51-1E1D8F5ACF16}.Release|Any CPU.ActiveCfg = Release|Any CPU
		{91A4C96D-753C-4AFC-9D51-1E1D8F5ACF16}.Release|Any CPU.Build.0 = Release|Any CPU
		{4FE01627-47C2-4889-AEBD-C7B3977F6F15}.Debug|Any CPU.ActiveCfg = Debug|Any CPU
		{4FE01627-47C2-4889-AEBD-C7B3977F6F15}.Debug|Any CPU.Build.0 = Debug|Any CPU
		{4FE01627-47C2-4889-AEBD-C7B3977F6F15}.Release|Any CPU.ActiveCfg = Release|Any CPU
		{4FE01627-47C2-4889-AEBD-C7B3977F6F15}.Release|Any CPU.Build.0 = Release|Any CPU
		{9E6FB25F-B16E-4B78-9F8D-EFD590F573BC}.Debug|Any CPU.ActiveCfg = Debug|Any CPU
		{9E6FB25F-B16E-4B78-9F8D-EFD590F573BC}.Debug|Any CPU.Build.0 = Debug|Any CPU
		{9E6FB25F-B16E-4B78-9F8D-EFD590F573BC}.Release|Any CPU.ActiveCfg = Release|Any CPU
		{9E6FB25F-B16E-4B78-9F8D-EFD590F573BC}.Release|Any CPU.Build.0 = Release|Any CPU
		{072472B5-4BCF-457E-8750-2DC417D57AAE}.Debug|Any CPU.ActiveCfg = Debug|Any CPU
		{072472B5-4BCF-457E-8750-2DC417D57AAE}.Debug|Any CPU.Build.0 = Debug|Any CPU
		{072472B5-4BCF-457E-8750-2DC417D57AAE}.Release|Any CPU.ActiveCfg = Release|Any CPU
		{072472B5-4BCF-457E-8750-2DC417D57AAE}.Release|Any CPU.Build.0 = Release|Any CPU
		{03F2C48D-DA10-4BFC-8A01-83112ABB09BE}.Debug|Any CPU.ActiveCfg = Debug|Any CPU
		{03F2C48D-DA10-4BFC-8A01-83112ABB09BE}.Debug|Any CPU.Build.0 = Debug|Any CPU
		{03F2C48D-DA10-4BFC-8A01-83112ABB09BE}.Release|Any CPU.ActiveCfg = Release|Any CPU
		{03F2C48D-DA10-4BFC-8A01-83112ABB09BE}.Release|Any CPU.Build.0 = Release|Any CPU
	EndGlobalSection
	GlobalSection(SolutionProperties) = preSolution
		HideSolutionNode = FALSE
	EndGlobalSection
	GlobalSection(NestedProjects) = preSolution
		{95DC922C-F03C-4AEA-9BBC-8DAA0C074CA6} = {C82FFDC5-9164-4D21-9AD4-56609714320D}
		{19446FE9-5DF4-41F5-8044-A563EEF4853F} = {95DC922C-F03C-4AEA-9BBC-8DAA0C074CA6}
		{91A4C96D-753C-4AFC-9D51-1E1D8F5ACF16} = {95DC922C-F03C-4AEA-9BBC-8DAA0C074CA6}
		{68A8DA98-1017-4475-B1EA-C0EE46AA7707} = {C82FFDC5-9164-4D21-9AD4-56609714320D}
		{AB629F30-05D0-479A-B61C-4E4495678E40} = {C82FFDC5-9164-4D21-9AD4-56609714320D}
		{7ECD91B1-D29D-4512-9761-63A6C9C50FCA} = {C82FFDC5-9164-4D21-9AD4-56609714320D}
		{7E05853C-20F8-4EFB-890A-DCE3FC2C4847} = {68A8DA98-1017-4475-B1EA-C0EE46AA7707}
		{14D832F2-03DE-482F-8A5E-A169483ECF7B} = {68A8DA98-1017-4475-B1EA-C0EE46AA7707}
		{0BA4460E-3910-473C-A774-9DE835B583AD} = {C82FFDC5-9164-4D21-9AD4-56609714320D}
		{E74A3B29-3626-42F6-86E1-B92DC014D9A6} = {0BA4460E-3910-473C-A774-9DE835B583AD}
		{4FE01627-47C2-4889-AEBD-C7B3977F6F15} = {E74A3B29-3626-42F6-86E1-B92DC014D9A6}
		{9E6FB25F-B16E-4B78-9F8D-EFD590F573BC} = {7E05853C-20F8-4EFB-890A-DCE3FC2C4847}
		{072472B5-4BCF-457E-8750-2DC417D57AAE} = {14D832F2-03DE-482F-8A5E-A169483ECF7B}
		{55AB9B87-AAC9-420D-8A0F-291DC072C3DF} = {7ECD91B1-D29D-4512-9761-63A6C9C50FCA}
		{03F2C48D-DA10-4BFC-8A01-83112ABB09BE} = {55AB9B87-AAC9-420D-8A0F-291DC072C3DF}
	EndGlobalSection
	GlobalSection(ExtensibilityGlobals) = postSolution
		SolutionGuid = {44ED110F-83D9-4D50-8E2E-7E4BA606320B}
	EndGlobalSection
EndGlobal
