
Microsoft Visual Studio Solution File, Format Version 12.00
# Visual Studio Version 17
VisualStudioVersion = 17.1.32328.378
MinimumVisualStudioVersion = 10.0.40219.1
Project("{FAE04EC0-301F-11D3-BF4B-00C04F79EFBC}") = "Enigmatry.Shop.Api", "Enigmatry.Shop.Api\Enigmatry.Shop.Api.csproj", "{50E7DC8A-52E5-4323-A47A-55DF56B2C39D}"
EndProject
Project("{FAE04EC0-301F-11D3-BF4B-00C04F79EFBC}") = "Enigmatry.Vendor.Api", "Enigmatry.Vendor.Api\Enigmatry.Vendor.Api.csproj", "{2C6FB3C8-F637-4508-BB0C-83BA5BB6E480}"
EndProject
Project("{2150E333-8FDC-42A3-9474-1A3956D46DE8}") = "api", "api", "{95DC922C-F03C-4AEA-9BBC-8DAA0C074CA6}"
EndProject
Global
	GlobalSection(SolutionConfigurationPlatforms) = preSolution
		Debug|Any CPU = Debug|Any CPU
		Release|Any CPU = Release|Any CPU
	EndGlobalSection
	GlobalSection(ProjectConfigurationPlatforms) = postSolution
		{50E7DC8A-52E5-4323-A47A-55DF56B2C39D}.Debug|Any CPU.ActiveCfg = Debug|Any CPU
		{50E7DC8A-52E5-4323-A47A-55DF56B2C39D}.Debug|Any CPU.Build.0 = Debug|Any CPU
		{50E7DC8A-52E5-4323-A47A-55DF56B2C39D}.Release|Any CPU.ActiveCfg = Release|Any CPU
		{50E7DC8A-52E5-4323-A47A-55DF56B2C39D}.Release|Any CPU.Build.0 = Release|Any CPU
		{2C6FB3C8-F637-4508-BB0C-83BA5BB6E480}.Debug|Any CPU.ActiveCfg = Debug|Any CPU
		{2C6FB3C8-F637-4508-BB0C-83BA5BB6E480}.Debug|Any CPU.Build.0 = Debug|Any CPU
		{2C6FB3C8-F637-4508-BB0C-83BA5BB6E480}.Release|Any CPU.ActiveCfg = Release|Any CPU
		{2C6FB3C8-F637-4508-BB0C-83BA5BB6E480}.Release|Any CPU.Build.0 = Release|Any CPU
	EndGlobalSection
	GlobalSection(SolutionProperties) = preSolution
		HideSolutionNode = FALSE
	EndGlobalSection
	GlobalSection(NestedProjects) = preSolution
		{50E7DC8A-52E5-4323-A47A-55DF56B2C39D} = {95DC922C-F03C-4AEA-9BBC-8DAA0C074CA6}
		{2C6FB3C8-F637-4508-BB0C-83BA5BB6E480} = {95DC922C-F03C-4AEA-9BBC-8DAA0C074CA6}
	EndGlobalSection
	GlobalSection(ExtensibilityGlobals) = postSolution
		SolutionGuid = {44ED110F-83D9-4D50-8E2E-7E4BA606320B}
	EndGlobalSection
EndGlobal
